
Microsoft Visual Studio Solution File, Format Version 12.00
# Visual Studio Version 17
VisualStudioVersion = 17.9.34723.18
MinimumVisualStudioVersion = 10.0.40219.1
Project("{9A19103F-16F7-4668-BE54-9A1E7A4F7556}") = "DemoOOP05", "DemoOOP05\DemoOOP05.csproj", "{78982D48-F1CE-4E8E-B4B4-01847E3A762F}"
EndProject
Project("{FAE04EC0-301F-11D3-BF4B-00C04F79EFBC}") = "AssigmentOOP05", "AssigmentOOP05\AssigmentOOP05.csproj", "{46CB78FC-DC2A-4CAC-80D1-D12B87059674}"
EndProject
Global
	GlobalSection(SolutionConfigurationPlatforms) = preSolution
		Debug|Any CPU = Debug|Any CPU
		Release|Any CPU = Release|Any CPU
	EndGlobalSection
	GlobalSection(ProjectConfigurationPlatforms) = postSolution
		{78982D48-F1CE-4E8E-B4B4-01847E3A762F}.Debug|Any CPU.ActiveCfg = Debug|Any CPU
		{78982D48-F1CE-4E8E-B4B4-01847E3A762F}.Debug|Any CPU.Build.0 = Debug|Any CPU
		{78982D48-F1CE-4E8E-B4B4-01847E3A762F}.Release|Any CPU.ActiveCfg = Release|Any CPU
		{78982D48-F1CE-4E8E-B4B4-01847E3A762F}.Release|Any CPU.Build.0 = Release|Any CPU
		{46CB78FC-DC2A-4CAC-80D1-D12B87059674}.Debug|Any CPU.ActiveCfg = Debug|Any CPU
		{46CB78FC-DC2A-4CAC-80D1-D12B87059674}.Debug|Any CPU.Build.0 = Debug|Any CPU
		{46CB78FC-DC2A-4CAC-80D1-D12B87059674}.Release|Any CPU.ActiveCfg = Release|Any CPU
		{46CB78FC-DC2A-4CAC-80D1-D12B87059674}.Release|Any CPU.Build.0 = Release|Any CPU
	EndGlobalSection
	GlobalSection(SolutionProperties) = preSolution
		HideSolutionNode = FALSE
	EndGlobalSection
	GlobalSection(ExtensibilityGlobals) = postSolution
		SolutionGuid = {7C4506A3-D067-4AE5-B694-A89C6D72EF4A}
	EndGlobalSection
EndGlobal
